
Microsoft Visual Studio Solution File, Format Version 12.00
Project("{F2A71F9B-5D33-465A-A702-920D77279786}") = "FullstackWasmFSharpAppBackend", "TodoBackend/FullstackWasmFSharpAppBackend.fsproj", "{73E11C73-F3BA-4679-A69F-F9844DFA1EA2}"
EndProject
Global
	GlobalSection(SolutionConfigurationPlatforms) = preSolution
		Debug|Any CPU = Debug|Any CPU
		Release|Any CPU = Release|Any CPU
	EndGlobalSection
	GlobalSection(ProjectConfigurationPlatforms) = postSolution
		{73E11C73-F3BA-4679-A69F-F9844DFA1EA2}.Debug|Any CPU.ActiveCfg = Debug|Any CPU
		{73E11C73-F3BA-4679-A69F-F9844DFA1EA2}.Debug|Any CPU.Build.0 = Debug|Any CPU
		{73E11C73-F3BA-4679-A69F-F9844DFA1EA2}.Release|Any CPU.ActiveCfg = Release|Any CPU
		{73E11C73-F3BA-4679-A69F-F9844DFA1EA2}.Release|Any CPU.Build.0 = Release|Any CPU
	EndGlobalSection
EndGlobal
